// !$*UTF8*$!
{
	archiveVersion = 1;
	classes = {
	};
	objectVersion = 55;
	objects = {

/* Begin PBXBuildFile section */
		AF15630D8038EC2758BADCF3 /* Pods_MyCloud.framework in Frameworks */ = {isa = PBXBuildFile; fileRef = DBCAB66E964F66E23366A900 /* Pods_MyCloud.framework */; };
		F360ACEB28C235790028E2D5 /* AppDelegate.swift in Sources */ = {isa = PBXBuildFile; fileRef = F360ACEA28C235790028E2D5 /* AppDelegate.swift */; };
		F360ACED28C235790028E2D5 /* SceneDelegate.swift in Sources */ = {isa = PBXBuildFile; fileRef = F360ACEC28C235790028E2D5 /* SceneDelegate.swift */; };
		F360ACF428C2357F0028E2D5 /* Assets.xcassets in Resources */ = {isa = PBXBuildFile; fileRef = F360ACF328C2357F0028E2D5 /* Assets.xcassets */; };
		F360ACF728C2357F0028E2D5 /* LaunchScreen.storyboard in Resources */ = {isa = PBXBuildFile; fileRef = F360ACF528C2357F0028E2D5 /* LaunchScreen.storyboard */; };
		F360ACFF28C236C80028E2D5 /* SignInViewController.swift in Sources */ = {isa = PBXBuildFile; fileRef = F360ACFE28C236C80028E2D5 /* SignInViewController.swift */; };
		F360AD0328C238F00028E2D5 /* SignUpViewController.swift in Sources */ = {isa = PBXBuildFile; fileRef = F360AD0228C238F00028E2D5 /* SignUpViewController.swift */; };
		F360AD0628C239820028E2D5 /* Images.swift in Sources */ = {isa = PBXBuildFile; fileRef = F360AD0528C239820028E2D5 /* Images.swift */; };
		F360AD0828C239950028E2D5 /* Colors.swift in Sources */ = {isa = PBXBuildFile; fileRef = F360AD0728C239950028E2D5 /* Colors.swift */; };
		F360AD0A28C239A50028E2D5 /* Constants.swift in Sources */ = {isa = PBXBuildFile; fileRef = F360AD0928C239A50028E2D5 /* Constants.swift */; };
		F360AD1028C23B3F0028E2D5 /* DocumentsTableViewController.swift in Sources */ = {isa = PBXBuildFile; fileRef = F360AD0F28C23B3F0028E2D5 /* DocumentsTableViewController.swift */; };
		F360AD1228C23B810028E2D5 /* DocumentsTableViewCell.swift in Sources */ = {isa = PBXBuildFile; fileRef = F360AD1128C23B810028E2D5 /* DocumentsTableViewCell.swift */; };
		F360AD1428C23BAB0028E2D5 /* DocumentModels.swift in Sources */ = {isa = PBXBuildFile; fileRef = F360AD1328C23BAB0028E2D5 /* DocumentModels.swift */; };
		F360AD1628C23C980028E2D5 /* DocumentsCellViewModel.swift in Sources */ = {isa = PBXBuildFile; fileRef = F360AD1528C23C980028E2D5 /* DocumentsCellViewModel.swift */; };
		F360AD1928C23CC60028E2D5 /* Protocols.swift in Sources */ = {isa = PBXBuildFile; fileRef = F360AD1828C23CC60028E2D5 /* Protocols.swift */; };
		F360AD1C28C23CF00028E2D5 /* UserModel.swift in Sources */ = {isa = PBXBuildFile; fileRef = F360AD1B28C23CF00028E2D5 /* UserModel.swift */; };
		F360AD1F28C23D160028E2D5 /* UserDefaultsManager.swift in Sources */ = {isa = PBXBuildFile; fileRef = F360AD1E28C23D160028E2D5 /* UserDefaultsManager.swift */; };
		F360AD2128C23D390028E2D5 /* RealmDataBaseService.swift in Sources */ = {isa = PBXBuildFile; fileRef = F360AD2028C23D390028E2D5 /* RealmDataBaseService.swift */; };
		F360AD2428C23D6E0028E2D5 /* AlertOk.swift in Sources */ = {isa = PBXBuildFile; fileRef = F360AD2328C23D6E0028E2D5 /* AlertOk.swift */; };
		F384337728C36868007F87C2 /* DocumentsViewModel.swift in Sources */ = {isa = PBXBuildFile; fileRef = F384337628C36867007F87C2 /* DocumentsViewModel.swift */; };
/* End PBXBuildFile section */

/* Begin PBXFileReference section */
		90F61BF8A0B84039BD562A78 /* Pods-MyCloud.release.xcconfig */ = {isa = PBXFileReference; includeInIndex = 1; lastKnownFileType = text.xcconfig; name = "Pods-MyCloud.release.xcconfig"; path = "Target Support Files/Pods-MyCloud/Pods-MyCloud.release.xcconfig"; sourceTree = "<group>"; };
		93D9440F889039C4C50AA1C7 /* Pods-MyCloud.debug.xcconfig */ = {isa = PBXFileReference; includeInIndex = 1; lastKnownFileType = text.xcconfig; name = "Pods-MyCloud.debug.xcconfig"; path = "Target Support Files/Pods-MyCloud/Pods-MyCloud.debug.xcconfig"; sourceTree = "<group>"; };
		DBCAB66E964F66E23366A900 /* Pods_MyCloud.framework */ = {isa = PBXFileReference; explicitFileType = wrapper.framework; includeInIndex = 0; path = Pods_MyCloud.framework; sourceTree = BUILT_PRODUCTS_DIR; };
		F360ACE728C235790028E2D5 /* MyCloud.app */ = {isa = PBXFileReference; explicitFileType = wrapper.application; includeInIndex = 0; path = MyCloud.app; sourceTree = BUILT_PRODUCTS_DIR; };
		F360ACEA28C235790028E2D5 /* AppDelegate.swift */ = {isa = PBXFileReference; lastKnownFileType = sourcecode.swift; path = AppDelegate.swift; sourceTree = "<group>"; };
		F360ACEC28C235790028E2D5 /* SceneDelegate.swift */ = {isa = PBXFileReference; lastKnownFileType = sourcecode.swift; path = SceneDelegate.swift; sourceTree = "<group>"; };
		F360ACF328C2357F0028E2D5 /* Assets.xcassets */ = {isa = PBXFileReference; lastKnownFileType = folder.assetcatalog; path = Assets.xcassets; sourceTree = "<group>"; };
		F360ACF628C2357F0028E2D5 /* Base */ = {isa = PBXFileReference; lastKnownFileType = file.storyboard; name = Base; path = Base.lproj/LaunchScreen.storyboard; sourceTree = "<group>"; };
		F360ACF828C2357F0028E2D5 /* Info.plist */ = {isa = PBXFileReference; lastKnownFileType = text.plist.xml; path = Info.plist; sourceTree = "<group>"; };
		F360ACFE28C236C80028E2D5 /* SignInViewController.swift */ = {isa = PBXFileReference; lastKnownFileType = sourcecode.swift; path = SignInViewController.swift; sourceTree = "<group>"; };
		F360AD0228C238F00028E2D5 /* SignUpViewController.swift */ = {isa = PBXFileReference; lastKnownFileType = sourcecode.swift; path = SignUpViewController.swift; sourceTree = "<group>"; };
		F360AD0528C239820028E2D5 /* Images.swift */ = {isa = PBXFileReference; lastKnownFileType = sourcecode.swift; path = Images.swift; sourceTree = "<group>"; };
		F360AD0728C239950028E2D5 /* Colors.swift */ = {isa = PBXFileReference; lastKnownFileType = sourcecode.swift; path = Colors.swift; sourceTree = "<group>"; };
		F360AD0928C239A50028E2D5 /* Constants.swift */ = {isa = PBXFileReference; lastKnownFileType = sourcecode.swift; path = Constants.swift; sourceTree = "<group>"; };
		F360AD0F28C23B3F0028E2D5 /* DocumentsTableViewController.swift */ = {isa = PBXFileReference; lastKnownFileType = sourcecode.swift; path = DocumentsTableViewController.swift; sourceTree = "<group>"; };
		F360AD1128C23B810028E2D5 /* DocumentsTableViewCell.swift */ = {isa = PBXFileReference; lastKnownFileType = sourcecode.swift; path = DocumentsTableViewCell.swift; sourceTree = "<group>"; };
		F360AD1328C23BAB0028E2D5 /* DocumentModels.swift */ = {isa = PBXFileReference; lastKnownFileType = sourcecode.swift; path = DocumentModels.swift; sourceTree = "<group>"; };
		F360AD1528C23C980028E2D5 /* DocumentsCellViewModel.swift */ = {isa = PBXFileReference; lastKnownFileType = sourcecode.swift; path = DocumentsCellViewModel.swift; sourceTree = "<group>"; };
		F360AD1828C23CC60028E2D5 /* Protocols.swift */ = {isa = PBXFileReference; lastKnownFileType = sourcecode.swift; path = Protocols.swift; sourceTree = "<group>"; };
		F360AD1B28C23CF00028E2D5 /* UserModel.swift */ = {isa = PBXFileReference; lastKnownFileType = sourcecode.swift; path = UserModel.swift; sourceTree = "<group>"; };
		F360AD1E28C23D160028E2D5 /* UserDefaultsManager.swift */ = {isa = PBXFileReference; lastKnownFileType = sourcecode.swift; path = UserDefaultsManager.swift; sourceTree = "<group>"; };
		F360AD2028C23D390028E2D5 /* RealmDataBaseService.swift */ = {isa = PBXFileReference; lastKnownFileType = sourcecode.swift; path = RealmDataBaseService.swift; sourceTree = "<group>"; };
		F360AD2328C23D6E0028E2D5 /* AlertOk.swift */ = {isa = PBXFileReference; lastKnownFileType = sourcecode.swift; path = AlertOk.swift; sourceTree = "<group>"; };
		F384337628C36867007F87C2 /* DocumentsViewModel.swift */ = {isa = PBXFileReference; lastKnownFileType = sourcecode.swift; path = DocumentsViewModel.swift; sourceTree = "<group>"; };
/* End PBXFileReference section */

/* Begin PBXFrameworksBuildPhase section */
		F360ACE428C235790028E2D5 /* Frameworks */ = {
			isa = PBXFrameworksBuildPhase;
			buildActionMask = 2147483647;
			files = (
				AF15630D8038EC2758BADCF3 /* Pods_MyCloud.framework in Frameworks */,
			);
			runOnlyForDeploymentPostprocessing = 0;
		};
/* End PBXFrameworksBuildPhase section */

/* Begin PBXGroup section */
		A7E8B1C31705E029CC851424 /* Pods */ = {
			isa = PBXGroup;
			children = (
				93D9440F889039C4C50AA1C7 /* Pods-MyCloud.debug.xcconfig */,
				90F61BF8A0B84039BD562A78 /* Pods-MyCloud.release.xcconfig */,
			);
			path = Pods;
			sourceTree = "<group>";
		};
		B28F9C02B115534D32E1D67A /* Frameworks */ = {
			isa = PBXGroup;
			children = (
				DBCAB66E964F66E23366A900 /* Pods_MyCloud.framework */,
			);
			name = Frameworks;
			sourceTree = "<group>";
		};
		F360ACDE28C235790028E2D5 = {
			isa = PBXGroup;
			children = (
				F360ACE928C235790028E2D5 /* MyCloud */,
				F360ACE828C235790028E2D5 /* Products */,
				A7E8B1C31705E029CC851424 /* Pods */,
				B28F9C02B115534D32E1D67A /* Frameworks */,
			);
			sourceTree = "<group>";
		};
		F360ACE828C235790028E2D5 /* Products */ = {
			isa = PBXGroup;
			children = (
				F360ACE728C235790028E2D5 /* MyCloud.app */,
			);
			name = Products;
			sourceTree = "<group>";
		};
		F360ACE928C235790028E2D5 /* MyCloud */ = {
			isa = PBXGroup;
			children = (
				F360AD2228C23D530028E2D5 /* View */,
				F360AD1D28C23D030028E2D5 /* Services */,
				F360AD1A28C23CDF0028E2D5 /* Model */,
				F360AD1728C23CB60028E2D5 /* Protocols */,
				F360AD0B28C23ADA0028E2D5 /* Documents */,
				F360AD0428C2396E0028E2D5 /* Constants */,
				F360AD0128C238BB0028E2D5 /* SignUp */,
				F360AD0028C238AD0028E2D5 /* SignIn */,
				F360ACEA28C235790028E2D5 /* AppDelegate.swift */,
				F360ACEC28C235790028E2D5 /* SceneDelegate.swift */,
				F360ACF328C2357F0028E2D5 /* Assets.xcassets */,
				F360ACF528C2357F0028E2D5 /* LaunchScreen.storyboard */,
				F360ACF828C2357F0028E2D5 /* Info.plist */,
			);
			path = MyCloud;
			sourceTree = "<group>";
		};
		F360AD0028C238AD0028E2D5 /* SignIn */ = {
			isa = PBXGroup;
			children = (
				F360ACFE28C236C80028E2D5 /* SignInViewController.swift */,
			);
			path = SignIn;
			sourceTree = "<group>";
		};
		F360AD0128C238BB0028E2D5 /* SignUp */ = {
			isa = PBXGroup;
			children = (
				F360AD0228C238F00028E2D5 /* SignUpViewController.swift */,
			);
			path = SignUp;
			sourceTree = "<group>";
		};
		F360AD0428C2396E0028E2D5 /* Constants */ = {
			isa = PBXGroup;
			children = (
				F360AD0528C239820028E2D5 /* Images.swift */,
				F360AD0728C239950028E2D5 /* Colors.swift */,
				F360AD0928C239A50028E2D5 /* Constants.swift */,
			);
			path = Constants;
			sourceTree = "<group>";
		};
		F360AD0B28C23ADA0028E2D5 /* Documents */ = {
			isa = PBXGroup;
			children = (
				F360AD0E28C23B200028E2D5 /* Model */,
				F360AD0D28C23B190028E2D5 /* View */,
				F360AD0C28C23B080028E2D5 /* ViewModel */,
			);
			path = Documents;
			sourceTree = "<group>";
		};
		F360AD0C28C23B080028E2D5 /* ViewModel */ = {
			isa = PBXGroup;
			children = (
				F384337628C36867007F87C2 /* DocumentsViewModel.swift */,
				F360AD1528C23C980028E2D5 /* DocumentsCellViewModel.swift */,
			);
			path = ViewModel;
			sourceTree = "<group>";
		};
		F360AD0D28C23B190028E2D5 /* View */ = {
			isa = PBXGroup;
			children = (
				F360AD0F28C23B3F0028E2D5 /* DocumentsTableViewController.swift */,
				F360AD1128C23B810028E2D5 /* DocumentsTableViewCell.swift */,
			);
			path = View;
			sourceTree = "<group>";
		};
		F360AD0E28C23B200028E2D5 /* Model */ = {
			isa = PBXGroup;
			children = (
				F360AD1328C23BAB0028E2D5 /* DocumentModels.swift */,
			);
			path = Model;
			sourceTree = "<group>";
		};
		F360AD1728C23CB60028E2D5 /* Protocols */ = {
			isa = PBXGroup;
			children = (
				F360AD1828C23CC60028E2D5 /* Protocols.swift */,
			);
			path = Protocols;
			sourceTree = "<group>";
		};
		F360AD1A28C23CDF0028E2D5 /* Model */ = {
			isa = PBXGroup;
			children = (
				F360AD1B28C23CF00028E2D5 /* UserModel.swift */,
			);
			path = Model;
			sourceTree = "<group>";
		};
		F360AD1D28C23D030028E2D5 /* Services */ = {
			isa = PBXGroup;
			children = (
				F360AD1E28C23D160028E2D5 /* UserDefaultsManager.swift */,
				F360AD2028C23D390028E2D5 /* RealmDataBaseService.swift */,
			);
			path = Services;
			sourceTree = "<group>";
		};
		F360AD2228C23D530028E2D5 /* View */ = {
			isa = PBXGroup;
			children = (
				F360AD2328C23D6E0028E2D5 /* AlertOk.swift */,
			);
			path = View;
			sourceTree = "<group>";
		};
/* End PBXGroup section */

/* Begin PBXNativeTarget section */
		F360ACE628C235790028E2D5 /* MyCloud */ = {
			isa = PBXNativeTarget;
			buildConfigurationList = F360ACFB28C2357F0028E2D5 /* Build configuration list for PBXNativeTarget "MyCloud" */;
			buildPhases = (
				2C1F668742236212CB6CD181 /* [CP] Check Pods Manifest.lock */,
				F360ACE328C235790028E2D5 /* Sources */,
				F360ACE428C235790028E2D5 /* Frameworks */,
				F360ACE528C235790028E2D5 /* Resources */,
				BFE9C9134849125C8838FE2B /* [CP] Embed Pods Frameworks */,
			);
			buildRules = (
			);
			dependencies = (
			);
			name = MyCloud;
			productName = MyCloud;
			productReference = F360ACE728C235790028E2D5 /* MyCloud.app */;
			productType = "com.apple.product-type.application";
		};
/* End PBXNativeTarget section */

/* Begin PBXProject section */
		F360ACDF28C235790028E2D5 /* Project object */ = {
			isa = PBXProject;
			attributes = {
				BuildIndependentTargetsInParallel = 1;
				LastSwiftUpdateCheck = 1320;
				LastUpgradeCheck = 1320;
				TargetAttributes = {
					F360ACE628C235790028E2D5 = {
						CreatedOnToolsVersion = 13.2.1;
					};
				};
			};
			buildConfigurationList = F360ACE228C235790028E2D5 /* Build configuration list for PBXProject "MyCloud" */;
			compatibilityVersion = "Xcode 13.0";
			developmentRegion = en;
			hasScannedForEncodings = 0;
			knownRegions = (
				en,
				Base,
			);
			mainGroup = F360ACDE28C235790028E2D5;
			productRefGroup = F360ACE828C235790028E2D5 /* Products */;
			projectDirPath = "";
			projectRoot = "";
			targets = (
				F360ACE628C235790028E2D5 /* MyCloud */,
			);
		};
/* End PBXProject section */

/* Begin PBXResourcesBuildPhase section */
		F360ACE528C235790028E2D5 /* Resources */ = {
			isa = PBXResourcesBuildPhase;
			buildActionMask = 2147483647;
			files = (
				F360ACF728C2357F0028E2D5 /* LaunchScreen.storyboard in Resources */,
				F360ACF428C2357F0028E2D5 /* Assets.xcassets in Resources */,
			);
			runOnlyForDeploymentPostprocessing = 0;
		};
/* End PBXResourcesBuildPhase section */

/* Begin PBXShellScriptBuildPhase section */
		2C1F668742236212CB6CD181 /* [CP] Check Pods Manifest.lock */ = {
			isa = PBXShellScriptBuildPhase;
			buildActionMask = 2147483647;
			files = (
			);
			inputFileListPaths = (
			);
			inputPaths = (
				"${PODS_PODFILE_DIR_PATH}/Podfile.lock",
				"${PODS_ROOT}/Manifest.lock",
			);
			name = "[CP] Check Pods Manifest.lock";
			outputFileListPaths = (
			);
			outputPaths = (
				"$(DERIVED_FILE_DIR)/Pods-MyCloud-checkManifestLockResult.txt",
			);
			runOnlyForDeploymentPostprocessing = 0;
			shellPath = /bin/sh;
			shellScript = "diff \"${PODS_PODFILE_DIR_PATH}/Podfile.lock\" \"${PODS_ROOT}/Manifest.lock\" > /dev/null\nif [ $? != 0 ] ; then\n    # print error to STDERR\n    echo \"error: The sandbox is not in sync with the Podfile.lock. Run 'pod install' or update your CocoaPods installation.\" >&2\n    exit 1\nfi\n# This output is used by Xcode 'outputs' to avoid re-running this script phase.\necho \"SUCCESS\" > \"${SCRIPT_OUTPUT_FILE_0}\"\n";
			showEnvVarsInLog = 0;
		};
		BFE9C9134849125C8838FE2B /* [CP] Embed Pods Frameworks */ = {
			isa = PBXShellScriptBuildPhase;
			buildActionMask = 2147483647;
			files = (
			);
			inputFileListPaths = (
				"${PODS_ROOT}/Target Support Files/Pods-MyCloud/Pods-MyCloud-frameworks-${CONFIGURATION}-input-files.xcfilelist",
			);
			name = "[CP] Embed Pods Frameworks";
			outputFileListPaths = (
				"${PODS_ROOT}/Target Support Files/Pods-MyCloud/Pods-MyCloud-frameworks-${CONFIGURATION}-output-files.xcfilelist",
			);
			runOnlyForDeploymentPostprocessing = 0;
			shellPath = /bin/sh;
			shellScript = "\"${PODS_ROOT}/Target Support Files/Pods-MyCloud/Pods-MyCloud-frameworks.sh\"\n";
			showEnvVarsInLog = 0;
		};
/* End PBXShellScriptBuildPhase section */

/* Begin PBXSourcesBuildPhase section */
		F360ACE328C235790028E2D5 /* Sources */ = {
			isa = PBXSourcesBuildPhase;
			buildActionMask = 2147483647;
			files = (
				F360ACFF28C236C80028E2D5 /* SignInViewController.swift in Sources */,
				F360AD0828C239950028E2D5 /* Colors.swift in Sources */,
				F360ACEB28C235790028E2D5 /* AppDelegate.swift in Sources */,
				F360AD2128C23D390028E2D5 /* RealmDataBaseService.swift in Sources */,
				F360AD1928C23CC60028E2D5 /* Protocols.swift in Sources */,
				F360AD1228C23B810028E2D5 /* DocumentsTableViewCell.swift in Sources */,
				F360AD1C28C23CF00028E2D5 /* UserModel.swift in Sources */,
				F360AD1428C23BAB0028E2D5 /* DocumentModels.swift in Sources */,
				F360AD0628C239820028E2D5 /* Images.swift in Sources */,
				F360AD1628C23C980028E2D5 /* DocumentsCellViewModel.swift in Sources */,
				F360AD2428C23D6E0028E2D5 /* AlertOk.swift in Sources */,
				F360AD0A28C239A50028E2D5 /* Constants.swift in Sources */,
				F360AD1F28C23D160028E2D5 /* UserDefaultsManager.swift in Sources */,
				F360ACED28C235790028E2D5 /* SceneDelegate.swift in Sources */,
				F360AD1028C23B3F0028E2D5 /* DocumentsTableViewController.swift in Sources */,
				F384337728C36868007F87C2 /* DocumentsViewModel.swift in Sources */,
				F360AD0328C238F00028E2D5 /* SignUpViewController.swift in Sources */,
			);
			runOnlyForDeploymentPostprocessing = 0;
		};
/* End PBXSourcesBuildPhase section */

/* Begin PBXVariantGroup section */
		F360ACF528C2357F0028E2D5 /* LaunchScreen.storyboard */ = {
			isa = PBXVariantGroup;
			children = (
				F360ACF628C2357F0028E2D5 /* Base */,
			);
			name = LaunchScreen.storyboard;
			sourceTree = "<group>";
		};
/* End PBXVariantGroup section */

/* Begin XCBuildConfiguration section */
		F360ACF928C2357F0028E2D5 /* Debug */ = {
			isa = XCBuildConfiguration;
			buildSettings = {
				ALWAYS_SEARCH_USER_PATHS = NO;
				CLANG_ANALYZER_NONNULL = YES;
				CLANG_ANALYZER_NUMBER_OBJECT_CONVERSION = YES_AGGRESSIVE;
				CLANG_CXX_LANGUAGE_STANDARD = "gnu++17";
				CLANG_CXX_LIBRARY = "libc++";
				CLANG_ENABLE_MODULES = YES;
				CLANG_ENABLE_OBJC_ARC = YES;
				CLANG_ENABLE_OBJC_WEAK = YES;
				CLANG_WARN_BLOCK_CAPTURE_AUTORELEASING = YES;
				CLANG_WARN_BOOL_CONVERSION = YES;
				CLANG_WARN_COMMA = YES;
				CLANG_WARN_CONSTANT_CONVERSION = YES;
				CLANG_WARN_DEPRECATED_OBJC_IMPLEMENTATIONS = YES;
				CLANG_WARN_DIRECT_OBJC_ISA_USAGE = YES_ERROR;
				CLANG_WARN_DOCUMENTATION_COMMENTS = YES;
				CLANG_WARN_EMPTY_BODY = YES;
				CLANG_WARN_ENUM_CONVERSION = YES;
				CLANG_WARN_INFINITE_RECURSION = YES;
				CLANG_WARN_INT_CONVERSION = YES;
				CLANG_WARN_NON_LITERAL_NULL_CONVERSION = YES;
				CLANG_WARN_OBJC_IMPLICIT_RETAIN_SELF = YES;
				CLANG_WARN_OBJC_LITERAL_CONVERSION = YES;
				CLANG_WARN_OBJC_ROOT_CLASS = YES_ERROR;
				CLANG_WARN_QUOTED_INCLUDE_IN_FRAMEWORK_HEADER = YES;
				CLANG_WARN_RANGE_LOOP_ANALYSIS = YES;
				CLANG_WARN_STRICT_PROTOTYPES = YES;
				CLANG_WARN_SUSPICIOUS_MOVE = YES;
				CLANG_WARN_UNGUARDED_AVAILABILITY = YES_AGGRESSIVE;
				CLANG_WARN_UNREACHABLE_CODE = YES;
				CLANG_WARN__DUPLICATE_METHOD_MATCH = YES;
				COPY_PHASE_STRIP = NO;
				DEBUG_INFORMATION_FORMAT = dwarf;
				ENABLE_STRICT_OBJC_MSGSEND = YES;
				ENABLE_TESTABILITY = YES;
				GCC_C_LANGUAGE_STANDARD = gnu11;
				GCC_DYNAMIC_NO_PIC = NO;
				GCC_NO_COMMON_BLOCKS = YES;
				GCC_OPTIMIZATION_LEVEL = 0;
				GCC_PREPROCESSOR_DEFINITIONS = (
					"DEBUG=1",
					"$(inherited)",
				);
				GCC_WARN_64_TO_32_BIT_CONVERSION = YES;
				GCC_WARN_ABOUT_RETURN_TYPE = YES_ERROR;
				GCC_WARN_UNDECLARED_SELECTOR = YES;
				GCC_WARN_UNINITIALIZED_AUTOS = YES_AGGRESSIVE;
				GCC_WARN_UNUSED_FUNCTION = YES;
				GCC_WARN_UNUSED_VARIABLE = YES;
				IPHONEOS_DEPLOYMENT_TARGET = 15.2;
				MTL_ENABLE_DEBUG_INFO = INCLUDE_SOURCE;
				MTL_FAST_MATH = YES;
				ONLY_ACTIVE_ARCH = YES;
				SDKROOT = iphoneos;
				SWIFT_ACTIVE_COMPILATION_CONDITIONS = DEBUG;
				SWIFT_OPTIMIZATION_LEVEL = "-Onone";
			};
			name = Debug;
		};
		F360ACFA28C2357F0028E2D5 /* Release */ = {
			isa = XCBuildConfiguration;
			buildSettings = {
				ALWAYS_SEARCH_USER_PATHS = NO;
				CLANG_ANALYZER_NONNULL = YES;
				CLANG_ANALYZER_NUMBER_OBJECT_CONVERSION = YES_AGGRESSIVE;
				CLANG_CXX_LANGUAGE_STANDARD = "gnu++17";
				CLANG_CXX_LIBRARY = "libc++";
				CLANG_ENABLE_MODULES = YES;
				CLANG_ENABLE_OBJC_ARC = YES;
				CLANG_ENABLE_OBJC_WEAK = YES;
				CLANG_WARN_BLOCK_CAPTURE_AUTORELEASING = YES;
				CLANG_WARN_BOOL_CONVERSION = YES;
				CLANG_WARN_COMMA = YES;
				CLANG_WARN_CONSTANT_CONVERSION = YES;
				CLANG_WARN_DEPRECATED_OBJC_IMPLEMENTATIONS = YES;
				CLANG_WARN_DIRECT_OBJC_ISA_USAGE = YES_ERROR;
				CLANG_WARN_DOCUMENTATION_COMMENTS = YES;
				CLANG_WARN_EMPTY_BODY = YES;
				CLANG_WARN_ENUM_CONVERSION = YES;
				CLANG_WARN_INFINITE_RECURSION = YES;
				CLANG_WARN_INT_CONVERSION = YES;
				CLANG_WARN_NON_LITERAL_NULL_CONVERSION = YES;
				CLANG_WARN_OBJC_IMPLICIT_RETAIN_SELF = YES;
				CLANG_WARN_OBJC_LITERAL_CONVERSION = YES;
				CLANG_WARN_OBJC_ROOT_CLASS = YES_ERROR;
				CLANG_WARN_QUOTED_INCLUDE_IN_FRAMEWORK_HEADER = YES;
				CLANG_WARN_RANGE_LOOP_ANALYSIS = YES;
				CLANG_WARN_STRICT_PROTOTYPES = YES;
				CLANG_WARN_SUSPICIOUS_MOVE = YES;
				CLANG_WARN_UNGUARDED_AVAILABILITY = YES_AGGRESSIVE;
				CLANG_WARN_UNREACHABLE_CODE = YES;
				CLANG_WARN__DUPLICATE_METHOD_MATCH = YES;
				COPY_PHASE_STRIP = NO;
				DEBUG_INFORMATION_FORMAT = "dwarf-with-dsym";
				ENABLE_NS_ASSERTIONS = NO;
				ENABLE_STRICT_OBJC_MSGSEND = YES;
				GCC_C_LANGUAGE_STANDARD = gnu11;
				GCC_NO_COMMON_BLOCKS = YES;
				GCC_WARN_64_TO_32_BIT_CONVERSION = YES;
				GCC_WARN_ABOUT_RETURN_TYPE = YES_ERROR;
				GCC_WARN_UNDECLARED_SELECTOR = YES;
				GCC_WARN_UNINITIALIZED_AUTOS = YES_AGGRESSIVE;
				GCC_WARN_UNUSED_FUNCTION = YES;
				GCC_WARN_UNUSED_VARIABLE = YES;
				IPHONEOS_DEPLOYMENT_TARGET = 15.2;
				MTL_ENABLE_DEBUG_INFO = NO;
				MTL_FAST_MATH = YES;
				SDKROOT = iphoneos;
				SWIFT_COMPILATION_MODE = wholemodule;
				SWIFT_OPTIMIZATION_LEVEL = "-O";
				VALIDATE_PRODUCT = YES;
			};
			name = Release;
		};
		F360ACFC28C2357F0028E2D5 /* Debug */ = {
			isa = XCBuildConfiguration;
			baseConfigurationReference = 93D9440F889039C4C50AA1C7 /* Pods-MyCloud.debug.xcconfig */;
			buildSettings = {
				ASSETCATALOG_COMPILER_APPICON_NAME = AppIcon;
				ASSETCATALOG_COMPILER_GLOBAL_ACCENT_COLOR_NAME = AccentColor;
				CODE_SIGN_STYLE = Automatic;
				CURRENT_PROJECT_VERSION = 1;
				GENERATE_INFOPLIST_FILE = YES;
				INFOPLIST_FILE = MyCloud/Info.plist;
				INFOPLIST_KEY_UIApplicationSupportsIndirectInputEvents = YES;
				INFOPLIST_KEY_UILaunchStoryboardName = LaunchScreen;
				INFOPLIST_KEY_UISupportedInterfaceOrientations = UIInterfaceOrientationPortrait;
				INFOPLIST_KEY_UISupportedInterfaceOrientations_iPad = "UIInterfaceOrientationPortrait UIInterfaceOrientationPortraitUpsideDown UIInterfaceOrientationLandscapeLeft UIInterfaceOrientationLandscapeRight";
				INFOPLIST_KEY_UISupportedInterfaceOrientations_iPhone = "UIInterfaceOrientationPortrait UIInterfaceOrientationLandscapeLeft UIInterfaceOrientationLandscapeRight";
				LD_RUNPATH_SEARCH_PATHS = (
					"$(inherited)",
					"@executable_path/Frameworks",
				);
				MARKETING_VERSION = 1.0;
				PRODUCT_BUNDLE_IDENTIFIER = com.testProject.MyCloud;
				PRODUCT_NAME = "$(TARGET_NAME)";
				SWIFT_EMIT_LOC_STRINGS = YES;
				SWIFT_VERSION = 5.0;
				TARGETED_DEVICE_FAMILY = 1;
			};
			name = Debug;
		};
		F360ACFD28C2357F0028E2D5 /* Release */ = {
			isa = XCBuildConfiguration;
			baseConfigurationReference = 90F61BF8A0B84039BD562A78 /* Pods-MyCloud.release.xcconfig */;
			buildSettings = {
				ASSETCATALOG_COMPILER_APPICON_NAME = AppIcon;
				ASSETCATALOG_COMPILER_GLOBAL_ACCENT_COLOR_NAME = AccentColor;
				CODE_SIGN_STYLE = Automatic;
				CURRENT_PROJECT_VERSION = 1;
				GENERATE_INFOPLIST_FILE = YES;
				INFOPLIST_FILE = MyCloud/Info.plist;
				INFOPLIST_KEY_UIApplicationSupportsIndirectInputEvents = YES;
				INFOPLIST_KEY_UILaunchStoryboardName = LaunchScreen;
				INFOPLIST_KEY_UISupportedInterfaceOrientations = UIInterfaceOrientationPortrait;
				INFOPLIST_KEY_UISupportedInterfaceOrientations_iPad = "UIInterfaceOrientationPortrait UIInterfaceOrientationPortraitUpsideDown UIInterfaceOrientationLandscapeLeft UIInterfaceOrientationLandscapeRight";
				INFOPLIST_KEY_UISupportedInterfaceOrientations_iPhone = "UIInterfaceOrientationPortrait UIInterfaceOrientationLandscapeLeft UIInterfaceOrientationLandscapeRight";
				LD_RUNPATH_SEARCH_PATHS = (
					"$(inherited)",
					"@executable_path/Frameworks",
				);
				MARKETING_VERSION = 1.0;
				PRODUCT_BUNDLE_IDENTIFIER = com.testProject.MyCloud;
				PRODUCT_NAME = "$(TARGET_NAME)";
				SWIFT_EMIT_LOC_STRINGS = YES;
				SWIFT_VERSION = 5.0;
				TARGETED_DEVICE_FAMILY = 1;
			};
			name = Release;
		};
/* End XCBuildConfiguration section */

/* Begin XCConfigurationList section */
		F360ACE228C235790028E2D5 /* Build configuration list for PBXProject "MyCloud" */ = {
			isa = XCConfigurationList;
			buildConfigurations = (
				F360ACF928C2357F0028E2D5 /* Debug */,
				F360ACFA28C2357F0028E2D5 /* Release */,
			);
			defaultConfigurationIsVisible = 0;
			defaultConfigurationName = Release;
		};
		F360ACFB28C2357F0028E2D5 /* Build configuration list for PBXNativeTarget "MyCloud" */ = {
			isa = XCConfigurationList;
			buildConfigurations = (
				F360ACFC28C2357F0028E2D5 /* Debug */,
				F360ACFD28C2357F0028E2D5 /* Release */,
			);
			defaultConfigurationIsVisible = 0;
			defaultConfigurationName = Release;
		};
/* End XCConfigurationList section */
	};
	rootObject = F360ACDF28C235790028E2D5 /* Project object */;
}
